{
  "name": "jacascript",
  "version": "1.0.0",
  "lockfileVersion": 3,
  "requires": true,
  "packages": {
    "": {
      "name": "jacascript",
      "version": "1.0.0",
      "license": "MIT",
      "bin": {
        "jaca": "bin/jaca.js"
      },
      "engines": {
        "node": ">=18"
      }
    }
  }
}
